// !$*UTF8*$!
{
	archiveVersion = 1;
	classes = {
	};
	objectVersion = 56;
	objects = {

/* Begin PBXBuildFile section */
		175A10882990C38200E46444 /* Launch Screen.storyboard in Resources */ = {isa = PBXBuildFile; fileRef = 175A10872990C38200E46444 /* Launch Screen.storyboard */; };
		175A108E2990C9D600E46444 /* Extension.swift in Sources */ = {isa = PBXBuildFile; fileRef = 175A108D2990C9D600E46444 /* Extension.swift */; };
		175A10912990CB7900E46444 /* FeedView.swift in Sources */ = {isa = PBXBuildFile; fileRef = 175A10902990CB7900E46444 /* FeedView.swift */; };
		175A10932990CC6D00E46444 /* PostView.swift in Sources */ = {isa = PBXBuildFile; fileRef = 175A10922990CC6D00E46444 /* PostView.swift */; };
		1778409D299047480021BA9D /* DogGramApp.swift in Sources */ = {isa = PBXBuildFile; fileRef = 1778409C299047480021BA9D /* DogGramApp.swift */; };
		1778409F299047480021BA9D /* ContentView.swift in Sources */ = {isa = PBXBuildFile; fileRef = 1778409E299047480021BA9D /* ContentView.swift */; };
		177840A1299047490021BA9D /* Assets.xcassets in Resources */ = {isa = PBXBuildFile; fileRef = 177840A0299047490021BA9D /* Assets.xcassets */; };
		177840A4299047490021BA9D /* Preview Assets.xcassets in Resources */ = {isa = PBXBuildFile; fileRef = 177840A3299047490021BA9D /* Preview Assets.xcassets */; };
		178123202992208C00019B43 /* PostArrayObject.swift in Sources */ = {isa = PBXBuildFile; fileRef = 1781231F2992208C00019B43 /* PostArrayObject.swift */; };
		178123222992260000019B43 /* CommentView.swift in Sources */ = {isa = PBXBuildFile; fileRef = 178123212992260000019B43 /* CommentView.swift */; };
		1781232429922E0000019B43 /* MessageView.swift in Sources */ = {isa = PBXBuildFile; fileRef = 1781232329922E0000019B43 /* MessageView.swift */; };
		1781232629922F3800019B43 /* CommentModel.swift in Sources */ = {isa = PBXBuildFile; fileRef = 1781232529922F3800019B43 /* CommentModel.swift */; };
		17C9FF5C2990DC6F0002D06C /* PostModel.swift in Sources */ = {isa = PBXBuildFile; fileRef = 17C9FF5B2990DC6F0002D06C /* PostModel.swift */; };
/* End PBXBuildFile section */

/* Begin PBXFileReference section */
		175A10872990C38200E46444 /* Launch Screen.storyboard */ = {isa = PBXFileReference; lastKnownFileType = file.storyboard; path = "Launch Screen.storyboard"; sourceTree = "<group>"; };
		175A108D2990C9D600E46444 /* Extension.swift */ = {isa = PBXFileReference; lastKnownFileType = sourcecode.swift; path = Extension.swift; sourceTree = "<group>"; };
		175A10902990CB7900E46444 /* FeedView.swift */ = {isa = PBXFileReference; lastKnownFileType = sourcecode.swift; path = FeedView.swift; sourceTree = "<group>"; };
		175A10922990CC6D00E46444 /* PostView.swift */ = {isa = PBXFileReference; lastKnownFileType = sourcecode.swift; path = PostView.swift; sourceTree = "<group>"; };
		17784099299047480021BA9D /* DogGram.app */ = {isa = PBXFileReference; explicitFileType = wrapper.application; includeInIndex = 0; path = DogGram.app; sourceTree = BUILT_PRODUCTS_DIR; };
		1778409C299047480021BA9D /* DogGramApp.swift */ = {isa = PBXFileReference; lastKnownFileType = sourcecode.swift; path = DogGramApp.swift; sourceTree = "<group>"; };
		1778409E299047480021BA9D /* ContentView.swift */ = {isa = PBXFileReference; lastKnownFileType = sourcecode.swift; path = ContentView.swift; sourceTree = "<group>"; };
		177840A0299047490021BA9D /* Assets.xcassets */ = {isa = PBXFileReference; lastKnownFileType = folder.assetcatalog; path = Assets.xcassets; sourceTree = "<group>"; };
		177840A3299047490021BA9D /* Preview Assets.xcassets */ = {isa = PBXFileReference; lastKnownFileType = folder.assetcatalog; path = "Preview Assets.xcassets"; sourceTree = "<group>"; };
		1781231F2992208C00019B43 /* PostArrayObject.swift */ = {isa = PBXFileReference; lastKnownFileType = sourcecode.swift; path = PostArrayObject.swift; sourceTree = "<group>"; };
		178123212992260000019B43 /* CommentView.swift */ = {isa = PBXFileReference; lastKnownFileType = sourcecode.swift; path = CommentView.swift; sourceTree = "<group>"; };
		1781232329922E0000019B43 /* MessageView.swift */ = {isa = PBXFileReference; lastKnownFileType = sourcecode.swift; path = MessageView.swift; sourceTree = "<group>"; };
		1781232529922F3800019B43 /* CommentModel.swift */ = {isa = PBXFileReference; lastKnownFileType = sourcecode.swift; path = CommentModel.swift; sourceTree = "<group>"; };
		17C9FF5B2990DC6F0002D06C /* PostModel.swift */ = {isa = PBXFileReference; lastKnownFileType = sourcecode.swift; path = PostModel.swift; sourceTree = "<group>"; };
/* End PBXFileReference section */

/* Begin PBXFrameworksBuildPhase section */
		17784096299047480021BA9D /* Frameworks */ = {
			isa = PBXFrameworksBuildPhase;
			buildActionMask = 2147483647;
			files = (
			);
			runOnlyForDeploymentPostprocessing = 0;
		};
/* End PBXFrameworksBuildPhase section */

/* Begin PBXGroup section */
		175A10892990C5C800E46444 /* Views */ = {
			isa = PBXGroup;
			children = (
				175A108B2990C5DC00E46444 /* Subviews */,
				175A108A2990C5D100E46444 /* Screens */,
			);
			path = Views;
			sourceTree = "<group>";
		};
		175A108A2990C5D100E46444 /* Screens */ = {
			isa = PBXGroup;
			children = (
				1778409C299047480021BA9D /* DogGramApp.swift */,
				1778409E299047480021BA9D /* ContentView.swift */,
				175A10902990CB7900E46444 /* FeedView.swift */,
				178123212992260000019B43 /* CommentView.swift */,
			);
			path = Screens;
			sourceTree = "<group>";
		};
		175A108B2990C5DC00E46444 /* Subviews */ = {
			isa = PBXGroup;
			children = (
				175A10922990CC6D00E46444 /* PostView.swift */,
				1781232329922E0000019B43 /* MessageView.swift */,
			);
			path = Subviews;
			sourceTree = "<group>";
		};
		175A108C2990C9C200E46444 /* Helpers */ = {
			isa = PBXGroup;
			children = (
				175A108D2990C9D600E46444 /* Extension.swift */,
			);
			path = Helpers;
			sourceTree = "<group>";
		};
		17784090299047480021BA9D = {
			isa = PBXGroup;
			children = (
				175A10872990C38200E46444 /* Launch Screen.storyboard */,
				1778409B299047480021BA9D /* DogGram */,
				1778409A299047480021BA9D /* Products */,
			);
			sourceTree = "<group>";
		};
		1778409A299047480021BA9D /* Products */ = {
			isa = PBXGroup;
			children = (
				17784099299047480021BA9D /* DogGram.app */,
			);
			name = Products;
			sourceTree = "<group>";
		};
		1778409B299047480021BA9D /* DogGram */ = {
			isa = PBXGroup;
			children = (
				17C9FF5A2990DC5C0002D06C /* Model */,
				175A108C2990C9C200E46444 /* Helpers */,
				175A10892990C5C800E46444 /* Views */,
				177840A0299047490021BA9D /* Assets.xcassets */,
				177840A2299047490021BA9D /* Preview Content */,
			);
			path = DogGram;
			sourceTree = "<group>";
		};
		177840A2299047490021BA9D /* Preview Content */ = {
			isa = PBXGroup;
			children = (
				177840A3299047490021BA9D /* Preview Assets.xcassets */,
			);
			path = "Preview Content";
			sourceTree = "<group>";
		};
		17C9FF5A2990DC5C0002D06C /* Model */ = {
			isa = PBXGroup;
			children = (
				17C9FF5B2990DC6F0002D06C /* PostModel.swift */,
				1781231F2992208C00019B43 /* PostArrayObject.swift */,
				1781232529922F3800019B43 /* CommentModel.swift */,
			);
			path = Model;
			sourceTree = "<group>";
		};
/* End PBXGroup section */

/* Begin PBXNativeTarget section */
		17784098299047480021BA9D /* DogGram */ = {
			isa = PBXNativeTarget;
			buildConfigurationList = 177840A7299047490021BA9D /* Build configuration list for PBXNativeTarget "DogGram" */;
			buildPhases = (
				17784095299047480021BA9D /* Sources */,
				17784096299047480021BA9D /* Frameworks */,
				17784097299047480021BA9D /* Resources */,
			);
			buildRules = (
			);
			dependencies = (
			);
			name = DogGram;
			productName = DogGram;
			productReference = 17784099299047480021BA9D /* DogGram.app */;
			productType = "com.apple.product-type.application";
		};
/* End PBXNativeTarget section */

/* Begin PBXProject section */
		17784091299047480021BA9D /* Project object */ = {
			isa = PBXProject;
			attributes = {
				BuildIndependentTargetsInParallel = 1;
				LastSwiftUpdateCheck = 1420;
				LastUpgradeCheck = 1420;
				TargetAttributes = {
					17784098299047480021BA9D = {
						CreatedOnToolsVersion = 14.2;
					};
				};
			};
			buildConfigurationList = 17784094299047480021BA9D /* Build configuration list for PBXProject "DogGram" */;
			compatibilityVersion = "Xcode 14.0";
			developmentRegion = en;
			hasScannedForEncodings = 0;
			knownRegions = (
				en,
				Base,
			);
			mainGroup = 17784090299047480021BA9D;
			productRefGroup = 1778409A299047480021BA9D /* Products */;
			projectDirPath = "";
			projectRoot = "";
			targets = (
				17784098299047480021BA9D /* DogGram */,
			);
		};
/* End PBXProject section */

/* Begin PBXResourcesBuildPhase section */
		17784097299047480021BA9D /* Resources */ = {
			isa = PBXResourcesBuildPhase;
			buildActionMask = 2147483647;
			files = (
				175A10882990C38200E46444 /* Launch Screen.storyboard in Resources */,
				177840A4299047490021BA9D /* Preview Assets.xcassets in Resources */,
				177840A1299047490021BA9D /* Assets.xcassets in Resources */,
			);
			runOnlyForDeploymentPostprocessing = 0;
		};
/* End PBXResourcesBuildPhase section */

/* Begin PBXSourcesBuildPhase section */
		17784095299047480021BA9D /* Sources */ = {
			isa = PBXSourcesBuildPhase;
			buildActionMask = 2147483647;
			files = (
				175A10912990CB7900E46444 /* FeedView.swift in Sources */,
				17C9FF5C2990DC6F0002D06C /* PostModel.swift in Sources */,
				178123222992260000019B43 /* CommentView.swift in Sources */,
				1781232429922E0000019B43 /* MessageView.swift in Sources */,
				175A108E2990C9D600E46444 /* Extension.swift in Sources */,
				1778409F299047480021BA9D /* ContentView.swift in Sources */,
				178123202992208C00019B43 /* PostArrayObject.swift in Sources */,
				1781232629922F3800019B43 /* CommentModel.swift in Sources */,
				175A10932990CC6D00E46444 /* PostView.swift in Sources */,
				1778409D299047480021BA9D /* DogGramApp.swift in Sources */,
			);
			runOnlyForDeploymentPostprocessing = 0;
		};
/* End PBXSourcesBuildPhase section */

/* Begin XCBuildConfiguration section */
		177840A5299047490021BA9D /* Debug */ = {
			isa = XCBuildConfiguration;
			buildSettings = {
				ALWAYS_SEARCH_USER_PATHS = NO;
				CLANG_ANALYZER_NONNULL = YES;
				CLANG_ANALYZER_NUMBER_OBJECT_CONVERSION = YES_AGGRESSIVE;
				CLANG_CXX_LANGUAGE_STANDARD = "gnu++20";
				CLANG_ENABLE_MODULES = YES;
				CLANG_ENABLE_OBJC_ARC = YES;
				CLANG_ENABLE_OBJC_WEAK = YES;
				CLANG_WARN_BLOCK_CAPTURE_AUTORELEASING = YES;
				CLANG_WARN_BOOL_CONVERSION = YES;
				CLANG_WARN_COMMA = YES;
				CLANG_WARN_CONSTANT_CONVERSION = YES;
				CLANG_WARN_DEPRECATED_OBJC_IMPLEMENTATIONS = YES;
				CLANG_WARN_DIRECT_OBJC_ISA_USAGE = YES_ERROR;
				CLANG_WARN_DOCUMENTATION_COMMENTS = YES;
				CLANG_WARN_EMPTY_BODY = YES;
				CLANG_WARN_ENUM_CONVERSION = YES;
				CLANG_WARN_INFINITE_RECURSION = YES;
				CLANG_WARN_INT_CONVERSION = YES;
				CLANG_WARN_NON_LITERAL_NULL_CONVERSION = YES;
				CLANG_WARN_OBJC_IMPLICIT_RETAIN_SELF = YES;
				CLANG_WARN_OBJC_LITERAL_CONVERSION = YES;
				CLANG_WARN_OBJC_ROOT_CLASS = YES_ERROR;
				CLANG_WARN_QUOTED_INCLUDE_IN_FRAMEWORK_HEADER = YES;
				CLANG_WARN_RANGE_LOOP_ANALYSIS = YES;
				CLANG_WARN_STRICT_PROTOTYPES = YES;
				CLANG_WARN_SUSPICIOUS_MOVE = YES;
				CLANG_WARN_UNGUARDED_AVAILABILITY = YES_AGGRESSIVE;
				CLANG_WARN_UNREACHABLE_CODE = YES;
				CLANG_WARN__DUPLICATE_METHOD_MATCH = YES;
				COPY_PHASE_STRIP = NO;
				DEBUG_INFORMATION_FORMAT = dwarf;
				ENABLE_STRICT_OBJC_MSGSEND = YES;
				ENABLE_TESTABILITY = YES;
				GCC_C_LANGUAGE_STANDARD = gnu11;
				GCC_DYNAMIC_NO_PIC = NO;
				GCC_NO_COMMON_BLOCKS = YES;
				GCC_OPTIMIZATION_LEVEL = 0;
				GCC_PREPROCESSOR_DEFINITIONS = (
					"DEBUG=1",
					"$(inherited)",
				);
				GCC_WARN_64_TO_32_BIT_CONVERSION = YES;
				GCC_WARN_ABOUT_RETURN_TYPE = YES_ERROR;
				GCC_WARN_UNDECLARED_SELECTOR = YES;
				GCC_WARN_UNINITIALIZED_AUTOS = YES_AGGRESSIVE;
				GCC_WARN_UNUSED_FUNCTION = YES;
				GCC_WARN_UNUSED_VARIABLE = YES;
				IPHONEOS_DEPLOYMENT_TARGET = 16.2;
				MTL_ENABLE_DEBUG_INFO = INCLUDE_SOURCE;
				MTL_FAST_MATH = YES;
				ONLY_ACTIVE_ARCH = YES;
				SDKROOT = iphoneos;
				SWIFT_ACTIVE_COMPILATION_CONDITIONS = DEBUG;
				SWIFT_OPTIMIZATION_LEVEL = "-Onone";
			};
			name = Debug;
		};
		177840A6299047490021BA9D /* Release */ = {
			isa = XCBuildConfiguration;
			buildSettings = {
				ALWAYS_SEARCH_USER_PATHS = NO;
				CLANG_ANALYZER_NONNULL = YES;
				CLANG_ANALYZER_NUMBER_OBJECT_CONVERSION = YES_AGGRESSIVE;
				CLANG_CXX_LANGUAGE_STANDARD = "gnu++20";
				CLANG_ENABLE_MODULES = YES;
				CLANG_ENABLE_OBJC_ARC = YES;
				CLANG_ENABLE_OBJC_WEAK = YES;
				CLANG_WARN_BLOCK_CAPTURE_AUTORELEASING = YES;
				CLANG_WARN_BOOL_CONVERSION = YES;
				CLANG_WARN_COMMA = YES;
				CLANG_WARN_CONSTANT_CONVERSION = YES;
				CLANG_WARN_DEPRECATED_OBJC_IMPLEMENTATIONS = YES;
				CLANG_WARN_DIRECT_OBJC_ISA_USAGE = YES_ERROR;
				CLANG_WARN_DOCUMENTATION_COMMENTS = YES;
				CLANG_WARN_EMPTY_BODY = YES;
				CLANG_WARN_ENUM_CONVERSION = YES;
				CLANG_WARN_INFINITE_RECURSION = YES;
				CLANG_WARN_INT_CONVERSION = YES;
				CLANG_WARN_NON_LITERAL_NULL_CONVERSION = YES;
				CLANG_WARN_OBJC_IMPLICIT_RETAIN_SELF = YES;
				CLANG_WARN_OBJC_LITERAL_CONVERSION = YES;
				CLANG_WARN_OBJC_ROOT_CLASS = YES_ERROR;
				CLANG_WARN_QUOTED_INCLUDE_IN_FRAMEWORK_HEADER = YES;
				CLANG_WARN_RANGE_LOOP_ANALYSIS = YES;
				CLANG_WARN_STRICT_PROTOTYPES = YES;
				CLANG_WARN_SUSPICIOUS_MOVE = YES;
				CLANG_WARN_UNGUARDED_AVAILABILITY = YES_AGGRESSIVE;
				CLANG_WARN_UNREACHABLE_CODE = YES;
				CLANG_WARN__DUPLICATE_METHOD_MATCH = YES;
				COPY_PHASE_STRIP = NO;
				DEBUG_INFORMATION_FORMAT = "dwarf-with-dsym";
				ENABLE_NS_ASSERTIONS = NO;
				ENABLE_STRICT_OBJC_MSGSEND = YES;
				GCC_C_LANGUAGE_STANDARD = gnu11;
				GCC_NO_COMMON_BLOCKS = YES;
				GCC_WARN_64_TO_32_BIT_CONVERSION = YES;
				GCC_WARN_ABOUT_RETURN_TYPE = YES_ERROR;
				GCC_WARN_UNDECLARED_SELECTOR = YES;
				GCC_WARN_UNINITIALIZED_AUTOS = YES_AGGRESSIVE;
				GCC_WARN_UNUSED_FUNCTION = YES;
				GCC_WARN_UNUSED_VARIABLE = YES;
				IPHONEOS_DEPLOYMENT_TARGET = 16.2;
				MTL_ENABLE_DEBUG_INFO = NO;
				MTL_FAST_MATH = YES;
				SDKROOT = iphoneos;
				SWIFT_COMPILATION_MODE = wholemodule;
				SWIFT_OPTIMIZATION_LEVEL = "-O";
				VALIDATE_PRODUCT = YES;
			};
			name = Release;
		};
		177840A8299047490021BA9D /* Debug */ = {
			isa = XCBuildConfiguration;
			buildSettings = {
				ASSETCATALOG_COMPILER_APPICON_NAME = AppIcon;
				ASSETCATALOG_COMPILER_GLOBAL_ACCENT_COLOR_NAME = AccentColor;
				CODE_SIGN_STYLE = Automatic;
				CURRENT_PROJECT_VERSION = 1;
				DEVELOPMENT_ASSET_PATHS = "\"DogGram/Preview Content\"";
				ENABLE_PREVIEWS = YES;
				GENERATE_INFOPLIST_FILE = YES;
				INFOPLIST_KEY_UIApplicationSceneManifest_Generation = YES;
				INFOPLIST_KEY_UIApplicationSupportsIndirectInputEvents = YES;
				INFOPLIST_KEY_UILaunchScreen_Generation = YES;
				INFOPLIST_KEY_UILaunchStoryboardName = "Launch Screen.storyboard";
				INFOPLIST_KEY_UIStatusBarStyle = "";
				INFOPLIST_KEY_UISupportedInterfaceOrientations_iPad = "UIInterfaceOrientationPortrait UIInterfaceOrientationPortraitUpsideDown UIInterfaceOrientationLandscapeLeft UIInterfaceOrientationLandscapeRight";
				INFOPLIST_KEY_UISupportedInterfaceOrientations_iPhone = "UIInterfaceOrientationPortrait UIInterfaceOrientationLandscapeLeft UIInterfaceOrientationLandscapeRight";
				LD_RUNPATH_SEARCH_PATHS = (
					"$(inherited)",
					"@executable_path/Frameworks",
				);
				MARKETING_VERSION = 1.0;
				PRODUCT_BUNDLE_IDENTIFIER = DogGram.DogGram;
				PRODUCT_NAME = "$(TARGET_NAME)";
				SWIFT_EMIT_LOC_STRINGS = YES;
				SWIFT_VERSION = 5.0;
				TARGETED_DEVICE_FAMILY = "1,2";
			};
			name = Debug;
		};
		177840A9299047490021BA9D /* Release */ = {
			isa = XCBuildConfiguration;
			buildSettings = {
				ASSETCATALOG_COMPILER_APPICON_NAME = AppIcon;
				ASSETCATALOG_COMPILER_GLOBAL_ACCENT_COLOR_NAME = AccentColor;
				CODE_SIGN_STYLE = Automatic;
				CURRENT_PROJECT_VERSION = 1;
				DEVELOPMENT_ASSET_PATHS = "\"DogGram/Preview Content\"";
				ENABLE_PREVIEWS = YES;
				GENERATE_INFOPLIST_FILE = YES;
				INFOPLIST_KEY_UIApplicationSceneManifest_Generation = YES;
				INFOPLIST_KEY_UIApplicationSupportsIndirectInputEvents = YES;
				INFOPLIST_KEY_UILaunchScreen_Generation = YES;
				INFOPLIST_KEY_UILaunchStoryboardName = "Launch Screen.storyboard";
				INFOPLIST_KEY_UIStatusBarStyle = "";
				INFOPLIST_KEY_UISupportedInterfaceOrientations_iPad = "UIInterfaceOrientationPortrait UIInterfaceOrientationPortraitUpsideDown UIInterfaceOrientationLandscapeLeft UIInterfaceOrientationLandscapeRight";
				INFOPLIST_KEY_UISupportedInterfaceOrientations_iPhone = "UIInterfaceOrientationPortrait UIInterfaceOrientationLandscapeLeft UIInterfaceOrientationLandscapeRight";
				LD_RUNPATH_SEARCH_PATHS = (
					"$(inherited)",
					"@executable_path/Frameworks",
				);
				MARKETING_VERSION = 1.0;
				PRODUCT_BUNDLE_IDENTIFIER = DogGram.DogGram;
				PRODUCT_NAME = "$(TARGET_NAME)";
				SWIFT_EMIT_LOC_STRINGS = YES;
				SWIFT_VERSION = 5.0;
				TARGETED_DEVICE_FAMILY = "1,2";
			};
			name = Release;
		};
/* End XCBuildConfiguration section */

/* Begin XCConfigurationList section */
		17784094299047480021BA9D /* Build configuration list for PBXProject "DogGram" */ = {
			isa = XCConfigurationList;
			buildConfigurations = (
				177840A5299047490021BA9D /* Debug */,
				177840A6299047490021BA9D /* Release */,
			);
			defaultConfigurationIsVisible = 0;
			defaultConfigurationName = Release;
		};
		177840A7299047490021BA9D /* Build configuration list for PBXNativeTarget "DogGram" */ = {
			isa = XCConfigurationList;
			buildConfigurations = (
				177840A8299047490021BA9D /* Debug */,
				177840A9299047490021BA9D /* Release */,
			);
			defaultConfigurationIsVisible = 0;
			defaultConfigurationName = Release;
		};
/* End XCConfigurationList section */
	};
	rootObject = 17784091299047480021BA9D /* Project object */;
}
